# This file is automatically @generated by Cargo.
# It is not intended for manual editing.
[[package]]
name = "collections_hw"
version = "0.1.0"
dependencies = [
 "permutation",
]

[[package]]
name = "permutation"
version = "0.2.5"
source = "registry+https://github.com/rust-lang/crates.io-index"
checksum = "d9978962f8a4b158e97447a6d09d2d75e206d2994eff056c894019f362b27142"
